
Microsoft Visual Studio Solution File, Format Version 12.00
# Visual Studio 15
VisualStudioVersion = 15.0.28307.421
MinimumVisualStudioVersion = 10.0.40219.1
Project("{FAE04EC0-301F-11D3-BF4B-00C04F79EFBC}") = "NetMentoring_noSQL", "NetMentoring_noSQL\NetMentoring_noSQL.csproj", "{DE4461BE-0746-4592-8B5D-5C9DD2C18E14}"
EndProject
Project("{FAE04EC0-301F-11D3-BF4B-00C04F79EFBC}") = "MongoDB.Tests", "MongoDB.Tests\MongoDB.Tests.csproj", "{9DEB062E-F540-4A05-AD3C-E83A48692BF0}"
EndProject
Global
	GlobalSection(SolutionConfigurationPlatforms) = preSolution
		Debug|Any CPU = Debug|Any CPU
		Release|Any CPU = Release|Any CPU
	EndGlobalSection
	GlobalSection(ProjectConfigurationPlatforms) = postSolution
		{DE4461BE-0746-4592-8B5D-5C9DD2C18E14}.Debug|Any CPU.ActiveCfg = Debug|Any CPU
		{DE4461BE-0746-4592-8B5D-5C9DD2C18E14}.Debug|Any CPU.Build.0 = Debug|Any CPU
		{DE4461BE-0746-4592-8B5D-5C9DD2C18E14}.Release|Any CPU.ActiveCfg = Release|Any CPU
		{DE4461BE-0746-4592-8B5D-5C9DD2C18E14}.Release|Any CPU.Build.0 = Release|Any CPU
		{9DEB062E-F540-4A05-AD3C-E83A48692BF0}.Debug|Any CPU.ActiveCfg = Debug|Any CPU
		{9DEB062E-F540-4A05-AD3C-E83A48692BF0}.Debug|Any CPU.Build.0 = Debug|Any CPU
		{9DEB062E-F540-4A05-AD3C-E83A48692BF0}.Release|Any CPU.ActiveCfg = Release|Any CPU
		{9DEB062E-F540-4A05-AD3C-E83A48692BF0}.Release|Any CPU.Build.0 = Release|Any CPU
	EndGlobalSection
	GlobalSection(SolutionProperties) = preSolution
		HideSolutionNode = FALSE
	EndGlobalSection
	GlobalSection(ExtensibilityGlobals) = postSolution
		SolutionGuid = {6103E77E-498B-4820-99A0-6CBC95428E14}
	EndGlobalSection
EndGlobal
